
Microsoft Visual Studio Solution File, Format Version 12.00
# Visual Studio Version 17
VisualStudioVersion = 17.8.34525.116
MinimumVisualStudioVersion = 10.0.40219.1
Project("{2150E333-8FDC-42A3-9474-1A3956D46DE8}") = "src", "src", "{F488549D-8767-4910-940F-FC8C450F1074}"
EndProject
Project("{2150E333-8FDC-42A3-9474-1A3956D46DE8}") = "tests", "tests", "{6A9EE9CF-8C13-4C47-8C3C-04331B49AA16}"
EndProject
Project("{2150E333-8FDC-42A3-9474-1A3956D46DE8}") = "benchmark", "benchmark", "{DD0278A6-50C7-469F-8560-BFAA6C702516}"
EndProject
Project("{9A19103F-16F7-4668-BE54-9A1E7A4F7556}") = "BulkyMerge.SqlServer.Tests", "tests\Dapper.FastBulkOperations.SqlServer.Tests\BulkyMerge.SqlServer.Tests.csproj", "{42261F6A-E164-4B39-8EF1-2BBFB06CB5CB}"
EndProject
Project("{2150E333-8FDC-42A3-9474-1A3956D46DE8}") = "samples", "samples", "{3BEA15CE-8E59-472E-9CDA-2C9C8E901DAB}"
EndProject
Project("{9A19103F-16F7-4668-BE54-9A1E7A4F7556}") = "BulkyMerge", "src\Dapper.FastBulkOperations.PostgreSql\BulkyMerge.csproj", "{00E7FA7D-2F2D-4D77-9E83-40854B4C0A6E}"
EndProject
Project("{9A19103F-16F7-4668-BE54-9A1E7A4F7556}") = "BulkyMerge.PostgreSql.Tests", "tests\Dapper.FastBulkOperations.PostgreSql.Tests\BulkyMerge.PostgreSql.Tests.csproj", "{391D334C-C7C9-4A48-9E82-F4FD41E78F87}"
EndProject
Project("{9A19103F-16F7-4668-BE54-9A1E7A4F7556}") = "BulkyMerge.MySql.Tests", "tests\Dapper.FastBulkOperations.MySql.Tests\BulkyMerge.MySql.Tests.csproj", "{84EF00E8-DCAC-4ACA-9C8C-DA6FF8ADA93E}"
EndProject
Project("{9A19103F-16F7-4668-BE54-9A1E7A4F7556}") = "Bulky.Benchmarks", "tests\Dapper.FastBulkOperations.Benchmarks\Bulky.Benchmarks.csproj", "{1E51C19F-41B7-4BB8-8972-CE6B63412D36}"
EndProject
Global
	GlobalSection(SolutionConfigurationPlatforms) = preSolution
		Debug|Any CPU = Debug|Any CPU
		Release|Any CPU = Release|Any CPU
	EndGlobalSection
	GlobalSection(ProjectConfigurationPlatforms) = postSolution
		{42261F6A-E164-4B39-8EF1-2BBFB06CB5CB}.Debug|Any CPU.ActiveCfg = Debug|Any CPU
		{42261F6A-E164-4B39-8EF1-2BBFB06CB5CB}.Debug|Any CPU.Build.0 = Debug|Any CPU
		{42261F6A-E164-4B39-8EF1-2BBFB06CB5CB}.Release|Any CPU.ActiveCfg = Release|Any CPU
		{42261F6A-E164-4B39-8EF1-2BBFB06CB5CB}.Release|Any CPU.Build.0 = Release|Any CPU
		{00E7FA7D-2F2D-4D77-9E83-40854B4C0A6E}.Debug|Any CPU.ActiveCfg = Debug|Any CPU
		{00E7FA7D-2F2D-4D77-9E83-40854B4C0A6E}.Debug|Any CPU.Build.0 = Debug|Any CPU
		{00E7FA7D-2F2D-4D77-9E83-40854B4C0A6E}.Release|Any CPU.ActiveCfg = Release|Any CPU
		{00E7FA7D-2F2D-4D77-9E83-40854B4C0A6E}.Release|Any CPU.Build.0 = Release|Any CPU
		{391D334C-C7C9-4A48-9E82-F4FD41E78F87}.Debug|Any CPU.ActiveCfg = Debug|Any CPU
		{391D334C-C7C9-4A48-9E82-F4FD41E78F87}.Debug|Any CPU.Build.0 = Debug|Any CPU
		{391D334C-C7C9-4A48-9E82-F4FD41E78F87}.Release|Any CPU.ActiveCfg = Release|Any CPU
		{391D334C-C7C9-4A48-9E82-F4FD41E78F87}.Release|Any CPU.Build.0 = Release|Any CPU
		{84EF00E8-DCAC-4ACA-9C8C-DA6FF8ADA93E}.Debug|Any CPU.ActiveCfg = Debug|Any CPU
		{84EF00E8-DCAC-4ACA-9C8C-DA6FF8ADA93E}.Debug|Any CPU.Build.0 = Debug|Any CPU
		{84EF00E8-DCAC-4ACA-9C8C-DA6FF8ADA93E}.Release|Any CPU.ActiveCfg = Release|Any CPU
		{84EF00E8-DCAC-4ACA-9C8C-DA6FF8ADA93E}.Release|Any CPU.Build.0 = Release|Any CPU
		{1E51C19F-41B7-4BB8-8972-CE6B63412D36}.Debug|Any CPU.ActiveCfg = Debug|Any CPU
		{1E51C19F-41B7-4BB8-8972-CE6B63412D36}.Debug|Any CPU.Build.0 = Debug|Any CPU
		{1E51C19F-41B7-4BB8-8972-CE6B63412D36}.Release|Any CPU.ActiveCfg = Release|Any CPU
		{1E51C19F-41B7-4BB8-8972-CE6B63412D36}.Release|Any CPU.Build.0 = Release|Any CPU
	EndGlobalSection
	GlobalSection(SolutionProperties) = preSolution
		HideSolutionNode = FALSE
	EndGlobalSection
	GlobalSection(NestedProjects) = preSolution
		{DD0278A6-50C7-469F-8560-BFAA6C702516} = {6A9EE9CF-8C13-4C47-8C3C-04331B49AA16}
		{42261F6A-E164-4B39-8EF1-2BBFB06CB5CB} = {6A9EE9CF-8C13-4C47-8C3C-04331B49AA16}
		{00E7FA7D-2F2D-4D77-9E83-40854B4C0A6E} = {F488549D-8767-4910-940F-FC8C450F1074}
		{391D334C-C7C9-4A48-9E82-F4FD41E78F87} = {6A9EE9CF-8C13-4C47-8C3C-04331B49AA16}
		{84EF00E8-DCAC-4ACA-9C8C-DA6FF8ADA93E} = {6A9EE9CF-8C13-4C47-8C3C-04331B49AA16}
		{1E51C19F-41B7-4BB8-8972-CE6B63412D36} = {DD0278A6-50C7-469F-8560-BFAA6C702516}
	EndGlobalSection
	GlobalSection(ExtensibilityGlobals) = postSolution
		SolutionGuid = {9E2BCDB6-E65F-45FA-B538-DEC9294D6614}
	EndGlobalSection
EndGlobal
