
Microsoft Visual Studio Solution File, Format Version 12.00
Project("{FAE04EC0-301F-11D3-BF4B-00C04F79EFBC}") = "Dapper.FastBulkOperations.SqlServer", "src\Dapper.FastBulkOperations.SqlServer\Dapper.FastBulkOperations.SqlServer.csproj", "{CA2F7B83-0F93-4B88-9F64-F4D973DB61C4}"
EndProject
Project("{2150E333-8FDC-42A3-9474-1A3956D46DE8}") = "src", "src", "{F488549D-8767-4910-940F-FC8C450F1074}"
EndProject
Project("{2150E333-8FDC-42A3-9474-1A3956D46DE8}") = "tests", "tests", "{6A9EE9CF-8C13-4C47-8C3C-04331B49AA16}"
EndProject
Project("{2150E333-8FDC-42A3-9474-1A3956D46DE8}") = "benchmark", "benchmark", "{DD0278A6-50C7-469F-8560-BFAA6C702516}"
EndProject
Project("{FAE04EC0-301F-11D3-BF4B-00C04F79EFBC}") = "Dapper.FastBulkOperations.SqlServer.Benchmarks", "benchmark\Dapper.FastBulkOperations.SqlServer.Benchmarks\Dapper.FastBulkOperations.SqlServer.Benchmarks.csproj", "{82DC080E-E476-492B-AB31-E81E4E151EAD}"
EndProject
Project("{FAE04EC0-301F-11D3-BF4B-00C04F79EFBC}") = "Dapper.FastBulkOperations.SqlServer.Tests", "tests\Dapper.FastBulkOperations.SqlServer.Tests\Dapper.FastBulkOperations.SqlServer.Tests.csproj", "{42261F6A-E164-4B39-8EF1-2BBFB06CB5CB}"
EndProject
Project("{2150E333-8FDC-42A3-9474-1A3956D46DE8}") = "samples", "samples", "{3BEA15CE-8E59-472E-9CDA-2C9C8E901DAB}"
EndProject
Project("{FAE04EC0-301F-11D3-BF4B-00C04F79EFBC}") = "SimpleUsage", "samples\SimpleUsage\SimpleUsage.csproj", "{23D1DAFD-D8F3-4C05-A42C-22F197702244}"
EndProject
Project("{FAE04EC0-301F-11D3-BF4B-00C04F79EFBC}") = "TypeHandlers", "samples\TypeHandlers\TypeHandlers.csproj", "{89B5C6DB-7C37-400C-8C83-E0A8FDAC211C}"
EndProject
Project("{FAE04EC0-301F-11D3-BF4B-00C04F79EFBC}") = "Dapper.FastBulkOperations.PostgreSql", "src\Dapper.FastBulkOperations.PostgreSql\Dapper.FastBulkOperations.PostgreSql.csproj", "{00E7FA7D-2F2D-4D77-9E83-40854B4C0A6E}"
EndProject
Project("{FAE04EC0-301F-11D3-BF4B-00C04F79EFBC}") = "FastBulkOperations.Root", "src\FastBulkOperations.Root\FastBulkOperations.Root.csproj", "{D23398AF-A73C-4A92-9847-784CCC5FC858}"
EndProject
Project("{FAE04EC0-301F-11D3-BF4B-00C04F79EFBC}") = "Dapper.FastBulkOperations.PostgreSql.Tests", "tests\Dapper.FastBulkOperations.PostgreSql.Tests\Dapper.FastBulkOperations.PostgreSql.Tests.csproj", "{391D334C-C7C9-4A48-9E82-F4FD41E78F87}"
EndProject
Global
	GlobalSection(SolutionConfigurationPlatforms) = preSolution
		Debug|Any CPU = Debug|Any CPU
		Release|Any CPU = Release|Any CPU
	EndGlobalSection
	GlobalSection(ProjectConfigurationPlatforms) = postSolution
		{CA2F7B83-0F93-4B88-9F64-F4D973DB61C4}.Release|Any CPU.ActiveCfg = Release|Any CPU
		{82DC080E-E476-492B-AB31-E81E4E151EAD}.Debug|Any CPU.ActiveCfg = Debug|Any CPU
		{82DC080E-E476-492B-AB31-E81E4E151EAD}.Debug|Any CPU.Build.0 = Debug|Any CPU
		{82DC080E-E476-492B-AB31-E81E4E151EAD}.Release|Any CPU.ActiveCfg = Release|Any CPU
		{82DC080E-E476-492B-AB31-E81E4E151EAD}.Release|Any CPU.Build.0 = Release|Any CPU
		{42261F6A-E164-4B39-8EF1-2BBFB06CB5CB}.Debug|Any CPU.ActiveCfg = Debug|Any CPU
		{42261F6A-E164-4B39-8EF1-2BBFB06CB5CB}.Debug|Any CPU.Build.0 = Debug|Any CPU
		{42261F6A-E164-4B39-8EF1-2BBFB06CB5CB}.Release|Any CPU.ActiveCfg = Release|Any CPU
		{42261F6A-E164-4B39-8EF1-2BBFB06CB5CB}.Release|Any CPU.Build.0 = Release|Any CPU
		{23D1DAFD-D8F3-4C05-A42C-22F197702244}.Debug|Any CPU.ActiveCfg = Debug|Any CPU
		{23D1DAFD-D8F3-4C05-A42C-22F197702244}.Debug|Any CPU.Build.0 = Debug|Any CPU
		{23D1DAFD-D8F3-4C05-A42C-22F197702244}.Release|Any CPU.ActiveCfg = Release|Any CPU
		{23D1DAFD-D8F3-4C05-A42C-22F197702244}.Release|Any CPU.Build.0 = Release|Any CPU
		{89B5C6DB-7C37-400C-8C83-E0A8FDAC211C}.Debug|Any CPU.ActiveCfg = Debug|Any CPU
		{89B5C6DB-7C37-400C-8C83-E0A8FDAC211C}.Debug|Any CPU.Build.0 = Debug|Any CPU
		{89B5C6DB-7C37-400C-8C83-E0A8FDAC211C}.Release|Any CPU.ActiveCfg = Release|Any CPU
		{89B5C6DB-7C37-400C-8C83-E0A8FDAC211C}.Release|Any CPU.Build.0 = Release|Any CPU
		{00E7FA7D-2F2D-4D77-9E83-40854B4C0A6E}.Debug|Any CPU.ActiveCfg = Debug|Any CPU
		{00E7FA7D-2F2D-4D77-9E83-40854B4C0A6E}.Debug|Any CPU.Build.0 = Debug|Any CPU
		{00E7FA7D-2F2D-4D77-9E83-40854B4C0A6E}.Release|Any CPU.ActiveCfg = Release|Any CPU
		{00E7FA7D-2F2D-4D77-9E83-40854B4C0A6E}.Release|Any CPU.Build.0 = Release|Any CPU
		{D23398AF-A73C-4A92-9847-784CCC5FC858}.Debug|Any CPU.ActiveCfg = Debug|Any CPU
		{D23398AF-A73C-4A92-9847-784CCC5FC858}.Debug|Any CPU.Build.0 = Debug|Any CPU
		{D23398AF-A73C-4A92-9847-784CCC5FC858}.Release|Any CPU.ActiveCfg = Release|Any CPU
		{D23398AF-A73C-4A92-9847-784CCC5FC858}.Release|Any CPU.Build.0 = Release|Any CPU
		{391D334C-C7C9-4A48-9E82-F4FD41E78F87}.Debug|Any CPU.ActiveCfg = Debug|Any CPU
		{391D334C-C7C9-4A48-9E82-F4FD41E78F87}.Debug|Any CPU.Build.0 = Debug|Any CPU
		{391D334C-C7C9-4A48-9E82-F4FD41E78F87}.Release|Any CPU.ActiveCfg = Release|Any CPU
		{391D334C-C7C9-4A48-9E82-F4FD41E78F87}.Release|Any CPU.Build.0 = Release|Any CPU
	EndGlobalSection
	GlobalSection(NestedProjects) = preSolution
		{CA2F7B83-0F93-4B88-9F64-F4D973DB61C4} = {F488549D-8767-4910-940F-FC8C450F1074}
		{DD0278A6-50C7-469F-8560-BFAA6C702516} = {6A9EE9CF-8C13-4C47-8C3C-04331B49AA16}
		{82DC080E-E476-492B-AB31-E81E4E151EAD} = {DD0278A6-50C7-469F-8560-BFAA6C702516}
		{42261F6A-E164-4B39-8EF1-2BBFB06CB5CB} = {6A9EE9CF-8C13-4C47-8C3C-04331B49AA16}
		{23D1DAFD-D8F3-4C05-A42C-22F197702244} = {3BEA15CE-8E59-472E-9CDA-2C9C8E901DAB}
		{89B5C6DB-7C37-400C-8C83-E0A8FDAC211C} = {3BEA15CE-8E59-472E-9CDA-2C9C8E901DAB}
		{00E7FA7D-2F2D-4D77-9E83-40854B4C0A6E} = {F488549D-8767-4910-940F-FC8C450F1074}
		{D23398AF-A73C-4A92-9847-784CCC5FC858} = {F488549D-8767-4910-940F-FC8C450F1074}
		{391D334C-C7C9-4A48-9E82-F4FD41E78F87} = {6A9EE9CF-8C13-4C47-8C3C-04331B49AA16}
	EndGlobalSection
EndGlobal
